<?xml version="1.0" encoding="utf-8"?>
<Project ToolsVersion="4.0" xmlns="http://schemas.microsoft.com/developer/msbuild/2003">
  <ItemGroup>
    <Filter Include="Source Files">
      <UniqueIdentifier>{4FC737F1-C7A5-4376-A066-2A32D752A2FF}</UniqueIdentifier>
      <Extensions>cpp;c;cc;cxx;c++;cppm;ixx;def;odl;idl;hpj;bat;asm;asmx</Extensions>
    </Filter>
    <Filter Include="Header Files">
      <UniqueIdentifier>{93995380-89BD-4b04-88EB-625FBE52EBFB}</UniqueIdentifier>
      <Extensions>h;hh;hpp;hxx;h++;hm;inl;inc;ipp;xsd</Extensions>
    </Filter>
    <Filter Include="Resource Files">
      <UniqueIdentifier>{67DA6AB6-F800-4c08-8B7A-83BB121AAD01}</UniqueIdentifier>
      <Extensions>rc;ico;cur;bmp;dlg;rc2;rct;bin;rgs;gif;jpg;jpeg;jpe;resx;tiff;tif;png;wav;mfcribbon-ms</Extensions>
    </Filter>
  </ItemGroup>
  <ItemGroup>
    <ClCompile Include="Optimization Programm.cpp">
      <Filter>Source Files</Filter>
    </ClCompile>
    <ClCompile Include="RectArea.cpp">
      <Filter>Source Files</Filter>
    </ClCompile>
    <ClCompile Include="AbstrFunc.cpp">
      <Filter>Source Files</Filter>
    </ClCompile>
    <ClCompile Include="F4.cpp">
      <Filter>Source Files</Filter>
    </ClCompile>
    <ClCompile Include="F2.cpp">
      <Filter>Source Files</Filter>
    </ClCompile>
    <ClCompile Include="F3.cpp">
      <Filter>Source Files</Filter>
    </ClCompile>
    <ClCompile Include="AbstrStop.cpp">
      <Filter>Source Files</Filter>
    </ClCompile>
    <ClCompile Include="AbstrOptimiser.cpp">
      <Filter>Source Files</Filter>
    </ClCompile>
    <ClCompile Include="DetOpt.cpp">
      <Filter>Source Files</Filter>
    </ClCompile>
    <ClCompile Include="VectorOper.cpp">
      <Filter>Source Files</Filter>
    </ClCompile>
    <ClCompile Include="StopIter.cpp">
      <Filter>Source Files</Filter>
    </ClCompile>
    <ClCompile Include="GradStop.cpp">
      <Filter>Source Files</Filter>
    </ClCompile>
    <ClCompile Include="StochOpt.cpp">
      <Filter>Source Files</Filter>
    </ClCompile>
    <ClCompile Include="PointStop.cpp">
      <Filter>Source Files</Filter>
    </ClCompile>
    <ClCompile Include="RelErStop.cpp">
      <Filter>Source Files</Filter>
    </ClCompile>
    <ClCompile Include="ValFstop.cpp">
      <Filter>Source Files</Filter>
    </ClCompile>
  </ItemGroup>
  <ItemGroup>
    <ClInclude Include="RectArea.h">
      <Filter>Header Files</Filter>
    </ClInclude>
    <ClInclude Include="AbstrFunc.h">
      <Filter>Header Files</Filter>
    </ClInclude>
    <ClInclude Include="F4.h">
      <Filter>Header Files</Filter>
    </ClInclude>
    <ClInclude Include="F2.h">
      <Filter>Header Files</Filter>
    </ClInclude>
    <ClInclude Include="F3.h">
      <Filter>Header Files</Filter>
    </ClInclude>
    <ClInclude Include="AbstrStop.h">
      <Filter>Header Files</Filter>
    </ClInclude>
    <ClInclude Include="AbstrOptimiser.h">
      <Filter>Header Files</Filter>
    </ClInclude>
    <ClInclude Include="DetOpt.h">
      <Filter>Header Files</Filter>
    </ClInclude>
    <ClInclude Include="VectorOper.h">
      <Filter>Header Files</Filter>
    </ClInclude>
    <ClInclude Include="StopIter.h">
      <Filter>Header Files</Filter>
    </ClInclude>
    <ClInclude Include="GradStop.h">
      <Filter>Header Files</Filter>
    </ClInclude>
    <ClInclude Include="StochOpt.h">
      <Filter>Header Files</Filter>
    </ClInclude>
    <ClInclude Include="PointStop.h">
      <Filter>Header Files</Filter>
    </ClInclude>
    <ClInclude Include="RelErStop.h">
      <Filter>Header Files</Filter>
    </ClInclude>
    <ClInclude Include="resource.h">
      <Filter>Header Files</Filter>
    </ClInclude>
    <ClInclude Include="ValFstop.h">
      <Filter>Header Files</Filter>
    </ClInclude>
  </ItemGroup>
  <ItemGroup>
    <ResourceCompile Include="Optimization Programm.rc">
      <Filter>Resource Files</Filter>
    </ResourceCompile>
  </ItemGroup>
</Project>